// !$*UTF8*$!
{
	archiveVersion = 1;
	classes = {
	};
	objectVersion = 50;
	objects = {

/* Begin PBXBuildFile section */
		F9AC3C1822404B0300706B4C /* UserDefaultsDecorator.swift in Sources */ = {isa = PBXBuildFile; fileRef = F9AC3C1722404B0300706B4C /* UserDefaultsDecorator.swift */; };
		F9F58DA122451BA1003027C1 /* CriptophyTests.swift in Sources */ = {isa = PBXBuildFile; fileRef = F9F58DA022451BA1003027C1 /* CriptophyTests.swift */; };
		F9F58DA322451BA1003027C1 /* Criptophy.framework in Frameworks */ = {isa = PBXBuildFile; fileRef = F9F91A79220C92C1002754D9 /* Criptophy.framework */; };
		F9F91A7E220C92C1002754D9 /* Criptophy.h in Headers */ = {isa = PBXBuildFile; fileRef = F9F91A7C220C92C1002754D9 /* Criptophy.h */; settings = {ATTRIBUTES = (Public, ); }; };
		F9F91AAD220C9552002754D9 /* Foundation+Extensions.swift in Sources */ = {isa = PBXBuildFile; fileRef = F9F91AA9220C9552002754D9 /* Foundation+Extensions.swift */; };
		F9F91AB1220C99D6002754D9 /* DataCrypto.swift in Sources */ = {isa = PBXBuildFile; fileRef = F9F91AA8220C9552002754D9 /* DataCrypto.swift */; };
		F9F91AB4220C9A8E002754D9 /* Keychain.swift in Sources */ = {isa = PBXBuildFile; fileRef = F9F91AAA220C9552002754D9 /* Keychain.swift */; };
		F9F91AB5220C9A94002754D9 /* Cipher.swift in Sources */ = {isa = PBXBuildFile; fileRef = F9F91AAB220C9552002754D9 /* Cipher.swift */; };
/* End PBXBuildFile section */

/* Begin PBXContainerItemProxy section */
		F9F58DA422451BA1003027C1 /* PBXContainerItemProxy */ = {
			isa = PBXContainerItemProxy;
			containerPortal = F9F91A70220C92C1002754D9 /* Project object */;
			proxyType = 1;
			remoteGlobalIDString = F9F91A78220C92C1002754D9;
			remoteInfo = Criptophy;
		};
/* End PBXContainerItemProxy section */

/* Begin PBXFileReference section */
		F9AC3C1722404B0300706B4C /* UserDefaultsDecorator.swift */ = {isa = PBXFileReference; lastKnownFileType = sourcecode.swift; path = UserDefaultsDecorator.swift; sourceTree = "<group>"; };
		F9F58D9E22451BA1003027C1 /* CriptophyTests.xctest */ = {isa = PBXFileReference; explicitFileType = wrapper.cfbundle; includeInIndex = 0; path = CriptophyTests.xctest; sourceTree = BUILT_PRODUCTS_DIR; };
		F9F58DA022451BA1003027C1 /* CriptophyTests.swift */ = {isa = PBXFileReference; lastKnownFileType = sourcecode.swift; path = CriptophyTests.swift; sourceTree = "<group>"; };
		F9F58DA222451BA1003027C1 /* Info.plist */ = {isa = PBXFileReference; lastKnownFileType = text.plist.xml; path = Info.plist; sourceTree = "<group>"; };
		F9F91A79220C92C1002754D9 /* Criptophy.framework */ = {isa = PBXFileReference; explicitFileType = wrapper.framework; includeInIndex = 0; path = Criptophy.framework; sourceTree = BUILT_PRODUCTS_DIR; };
		F9F91A7C220C92C1002754D9 /* Criptophy.h */ = {isa = PBXFileReference; lastKnownFileType = sourcecode.c.h; path = Criptophy.h; sourceTree = "<group>"; };
		F9F91A7D220C92C1002754D9 /* Info.plist */ = {isa = PBXFileReference; lastKnownFileType = text.plist.xml; path = Info.plist; sourceTree = "<group>"; };
		F9F91AA8220C9552002754D9 /* DataCrypto.swift */ = {isa = PBXFileReference; fileEncoding = 4; lastKnownFileType = sourcecode.swift; path = DataCrypto.swift; sourceTree = "<group>"; };
		F9F91AA9220C9552002754D9 /* Foundation+Extensions.swift */ = {isa = PBXFileReference; fileEncoding = 4; lastKnownFileType = sourcecode.swift; path = "Foundation+Extensions.swift"; sourceTree = "<group>"; };
		F9F91AAA220C9552002754D9 /* Keychain.swift */ = {isa = PBXFileReference; fileEncoding = 4; lastKnownFileType = sourcecode.swift; path = Keychain.swift; sourceTree = "<group>"; };
		F9F91AAB220C9552002754D9 /* Cipher.swift */ = {isa = PBXFileReference; fileEncoding = 4; lastKnownFileType = sourcecode.swift; path = Cipher.swift; sourceTree = "<group>"; };
		F9F91AB3220C9A2F002754D9 /* module.modulemap */ = {isa = PBXFileReference; lastKnownFileType = "sourcecode.module-map"; path = module.modulemap; sourceTree = "<group>"; };
/* End PBXFileReference section */

/* Begin PBXFrameworksBuildPhase section */
		F9F58D9B22451BA1003027C1 /* Frameworks */ = {
			isa = PBXFrameworksBuildPhase;
			buildActionMask = 2147483647;
			files = (
				F9F58DA322451BA1003027C1 /* Criptophy.framework in Frameworks */,
			);
			runOnlyForDeploymentPostprocessing = 0;
		};
		F9F91A76220C92C1002754D9 /* Frameworks */ = {
			isa = PBXFrameworksBuildPhase;
			buildActionMask = 2147483647;
			files = (
			);
			runOnlyForDeploymentPostprocessing = 0;
		};
/* End PBXFrameworksBuildPhase section */

/* Begin PBXGroup section */
		F9F58D9F22451BA1003027C1 /* CriptophyTests */ = {
			isa = PBXGroup;
			children = (
				F9F58DA022451BA1003027C1 /* CriptophyTests.swift */,
				F9F58DA222451BA1003027C1 /* Info.plist */,
			);
			path = CriptophyTests;
			sourceTree = "<group>";
		};
		F9F91A6F220C92C1002754D9 = {
			isa = PBXGroup;
			children = (
				F9F91A7B220C92C1002754D9 /* Criptophy */,
				F9F58D9F22451BA1003027C1 /* CriptophyTests */,
				F9F91A7A220C92C1002754D9 /* Products */,
			);
			sourceTree = "<group>";
		};
		F9F91A7A220C92C1002754D9 /* Products */ = {
			isa = PBXGroup;
			children = (
				F9F91A79220C92C1002754D9 /* Criptophy.framework */,
				F9F58D9E22451BA1003027C1 /* CriptophyTests.xctest */,
			);
			name = Products;
			sourceTree = "<group>";
		};
		F9F91A7B220C92C1002754D9 /* Criptophy */ = {
			isa = PBXGroup;
			children = (
				F9F91AB2220C9A2F002754D9 /* CCommonCrypto */,
				F9F91AAA220C9552002754D9 /* Keychain.swift */,
				F9F91AA8220C9552002754D9 /* DataCrypto.swift */,
				F9F91AA9220C9552002754D9 /* Foundation+Extensions.swift */,
				F9F91AAB220C9552002754D9 /* Cipher.swift */,
				F9F91A7C220C92C1002754D9 /* Criptophy.h */,
				F9F91A7D220C92C1002754D9 /* Info.plist */,
				F9AC3C1722404B0300706B4C /* UserDefaultsDecorator.swift */,
			);
			path = Criptophy;
			sourceTree = "<group>";
		};
		F9F91AB2220C9A2F002754D9 /* CCommonCrypto */ = {
			isa = PBXGroup;
			children = (
				F9F91AB3220C9A2F002754D9 /* module.modulemap */,
			);
			path = CCommonCrypto;
			sourceTree = "<group>";
		};
/* End PBXGroup section */

/* Begin PBXHeadersBuildPhase section */
		F9F91A74220C92C1002754D9 /* Headers */ = {
			isa = PBXHeadersBuildPhase;
			buildActionMask = 2147483647;
			files = (
				F9F91A7E220C92C1002754D9 /* Criptophy.h in Headers */,
			);
			runOnlyForDeploymentPostprocessing = 0;
		};
/* End PBXHeadersBuildPhase section */

/* Begin PBXNativeTarget section */
		F9F58D9D22451BA1003027C1 /* CriptophyTests */ = {
			isa = PBXNativeTarget;
			buildConfigurationList = F9F58DA822451BA1003027C1 /* Build configuration list for PBXNativeTarget "CriptophyTests" */;
			buildPhases = (
				F9F58D9A22451BA1003027C1 /* Sources */,
				F9F58D9B22451BA1003027C1 /* Frameworks */,
				F9F58D9C22451BA1003027C1 /* Resources */,
			);
			buildRules = (
			);
			dependencies = (
				F9F58DA522451BA1003027C1 /* PBXTargetDependency */,
			);
			name = CriptophyTests;
			productName = CriptophyTests;
			productReference = F9F58D9E22451BA1003027C1 /* CriptophyTests.xctest */;
			productType = "com.apple.product-type.bundle.unit-test";
		};
		F9F91A78220C92C1002754D9 /* Criptophy */ = {
			isa = PBXNativeTarget;
			buildConfigurationList = F9F91A81220C92C1002754D9 /* Build configuration list for PBXNativeTarget "Criptophy" */;
			buildPhases = (
				F9F91A74220C92C1002754D9 /* Headers */,
				F9F91A75220C92C1002754D9 /* Sources */,
				F9F91A76220C92C1002754D9 /* Frameworks */,
				F9F91A77220C92C1002754D9 /* Resources */,
			);
			buildRules = (
			);
			dependencies = (
			);
			name = Criptophy;
			productName = Criptophy;
			productReference = F9F91A79220C92C1002754D9 /* Criptophy.framework */;
			productType = "com.apple.product-type.framework";
		};
/* End PBXNativeTarget section */

/* Begin PBXProject section */
		F9F91A70220C92C1002754D9 /* Project object */ = {
			isa = PBXProject;
			attributes = {
				LastSwiftUpdateCheck = 1010;
				LastUpgradeCheck = 1010;
				ORGANIZATIONNAME = "Omar Eduardo Gomez Padilla";
				TargetAttributes = {
					F9F58D9D22451BA1003027C1 = {
						CreatedOnToolsVersion = 10.1;
					};
					F9F91A78220C92C1002754D9 = {
						CreatedOnToolsVersion = 10.1;
						LastSwiftMigration = 1010;
					};
				};
			};
			buildConfigurationList = F9F91A73220C92C1002754D9 /* Build configuration list for PBXProject "Criptophy" */;
			compatibilityVersion = "Xcode 9.3";
			developmentRegion = en;
			hasScannedForEncodings = 0;
			knownRegions = (
				en,
			);
			mainGroup = F9F91A6F220C92C1002754D9;
			productRefGroup = F9F91A7A220C92C1002754D9 /* Products */;
			projectDirPath = "";
			projectRoot = "";
			targets = (
				F9F91A78220C92C1002754D9 /* Criptophy */,
				F9F58D9D22451BA1003027C1 /* CriptophyTests */,
			);
		};
/* End PBXProject section */

/* Begin PBXResourcesBuildPhase section */
		F9F58D9C22451BA1003027C1 /* Resources */ = {
			isa = PBXResourcesBuildPhase;
			buildActionMask = 2147483647;
			files = (
			);
			runOnlyForDeploymentPostprocessing = 0;
		};
		F9F91A77220C92C1002754D9 /* Resources */ = {
			isa = PBXResourcesBuildPhase;
			buildActionMask = 2147483647;
			files = (
			);
			runOnlyForDeploymentPostprocessing = 0;
		};
/* End PBXResourcesBuildPhase section */

/* Begin PBXSourcesBuildPhase section */
		F9F58D9A22451BA1003027C1 /* Sources */ = {
			isa = PBXSourcesBuildPhase;
			buildActionMask = 2147483647;
			files = (
				F9F58DA122451BA1003027C1 /* CriptophyTests.swift in Sources */,
			);
			runOnlyForDeploymentPostprocessing = 0;
		};
		F9F91A75220C92C1002754D9 /* Sources */ = {
			isa = PBXSourcesBuildPhase;
			buildActionMask = 2147483647;
			files = (
				F9F91AB5220C9A94002754D9 /* Cipher.swift in Sources */,
				F9AC3C1822404B0300706B4C /* UserDefaultsDecorator.swift in Sources */,
				F9F91AB1220C99D6002754D9 /* DataCrypto.swift in Sources */,
				F9F91AAD220C9552002754D9 /* Foundation+Extensions.swift in Sources */,
				F9F91AB4220C9A8E002754D9 /* Keychain.swift in Sources */,
			);
			runOnlyForDeploymentPostprocessing = 0;
		};
/* End PBXSourcesBuildPhase section */

/* Begin PBXTargetDependency section */
		F9F58DA522451BA1003027C1 /* PBXTargetDependency */ = {
			isa = PBXTargetDependency;
			target = F9F91A78220C92C1002754D9 /* Criptophy */;
			targetProxy = F9F58DA422451BA1003027C1 /* PBXContainerItemProxy */;
		};
/* End PBXTargetDependency section */

/* Begin XCBuildConfiguration section */
		F9F58DA622451BA1003027C1 /* Debug */ = {
			isa = XCBuildConfiguration;
			buildSettings = {
				CODE_SIGN_STYLE = Automatic;
				DEVELOPMENT_TEAM = 87436V65Z6;
				INFOPLIST_FILE = CriptophyTests/Info.plist;
				LD_RUNPATH_SEARCH_PATHS = (
					"$(inherited)",
					"@executable_path/Frameworks",
					"@loader_path/Frameworks",
				);
				PRODUCT_BUNDLE_IDENTIFIER = org.omargomez.CriptophyTests;
				PRODUCT_NAME = "$(TARGET_NAME)";
				SWIFT_VERSION = 4.2;
				TARGETED_DEVICE_FAMILY = "1,2";
			};
			name = Debug;
		};
		F9F58DA722451BA1003027C1 /* Release */ = {
			isa = XCBuildConfiguration;
			buildSettings = {
				CODE_SIGN_STYLE = Automatic;
				DEVELOPMENT_TEAM = 87436V65Z6;
				INFOPLIST_FILE = CriptophyTests/Info.plist;
				LD_RUNPATH_SEARCH_PATHS = (
					"$(inherited)",
					"@executable_path/Frameworks",
					"@loader_path/Frameworks",
				);
				PRODUCT_BUNDLE_IDENTIFIER = org.omargomez.CriptophyTests;
				PRODUCT_NAME = "$(TARGET_NAME)";
				SWIFT_VERSION = 4.2;
				TARGETED_DEVICE_FAMILY = "1,2";
			};
			name = Release;
		};
		F9F91A7F220C92C1002754D9 /* Debug */ = {
			isa = XCBuildConfiguration;
			buildSettings = {
				ALWAYS_SEARCH_USER_PATHS = NO;
				CLANG_ANALYZER_NONNULL = YES;
				CLANG_ANALYZER_NUMBER_OBJECT_CONVERSION = YES_AGGRESSIVE;
				CLANG_CXX_LANGUAGE_STANDARD = "gnu++14";
				CLANG_CXX_LIBRARY = "libc++";
				CLANG_ENABLE_MODULES = YES;
				CLANG_ENABLE_OBJC_ARC = YES;
				CLANG_ENABLE_OBJC_WEAK = YES;
				CLANG_WARN_BLOCK_CAPTURE_AUTORELEASING = YES;
				CLANG_WARN_BOOL_CONVERSION = YES;
				CLANG_WARN_COMMA = YES;
				CLANG_WARN_CONSTANT_CONVERSION = YES;
				CLANG_WARN_DEPRECATED_OBJC_IMPLEMENTATIONS = YES;
				CLANG_WARN_DIRECT_OBJC_ISA_USAGE = YES_ERROR;
				CLANG_WARN_DOCUMENTATION_COMMENTS = YES;
				CLANG_WARN_EMPTY_BODY = YES;
				CLANG_WARN_ENUM_CONVERSION = YES;
				CLANG_WARN_INFINITE_RECURSION = YES;
				CLANG_WARN_INT_CONVERSION = YES;
				CLANG_WARN_NON_LITERAL_NULL_CONVERSION = YES;
				CLANG_WARN_OBJC_IMPLICIT_RETAIN_SELF = YES;
				CLANG_WARN_OBJC_LITERAL_CONVERSION = YES;
				CLANG_WARN_OBJC_ROOT_CLASS = YES_ERROR;
				CLANG_WARN_RANGE_LOOP_ANALYSIS = YES;
				CLANG_WARN_STRICT_PROTOTYPES = YES;
				CLANG_WARN_SUSPICIOUS_MOVE = YES;
				CLANG_WARN_UNGUARDED_AVAILABILITY = YES_AGGRESSIVE;
				CLANG_WARN_UNREACHABLE_CODE = YES;
				CLANG_WARN__DUPLICATE_METHOD_MATCH = YES;
				CODE_SIGN_IDENTITY = "iPhone Developer";
				COPY_PHASE_STRIP = NO;
				CURRENT_PROJECT_VERSION = 1;
				DEBUG_INFORMATION_FORMAT = dwarf;
				ENABLE_STRICT_OBJC_MSGSEND = YES;
				ENABLE_TESTABILITY = YES;
				GCC_C_LANGUAGE_STANDARD = gnu11;
				GCC_DYNAMIC_NO_PIC = NO;
				GCC_NO_COMMON_BLOCKS = YES;
				GCC_OPTIMIZATION_LEVEL = 0;
				GCC_PREPROCESSOR_DEFINITIONS = (
					"DEBUG=1",
					"$(inherited)",
				);
				GCC_WARN_64_TO_32_BIT_CONVERSION = YES;
				GCC_WARN_ABOUT_RETURN_TYPE = YES_ERROR;
				GCC_WARN_UNDECLARED_SELECTOR = YES;
				GCC_WARN_UNINITIALIZED_AUTOS = YES_AGGRESSIVE;
				GCC_WARN_UNUSED_FUNCTION = YES;
				GCC_WARN_UNUSED_VARIABLE = YES;
				IPHONEOS_DEPLOYMENT_TARGET = 12.1;
				MTL_ENABLE_DEBUG_INFO = INCLUDE_SOURCE;
				MTL_FAST_MATH = YES;
				ONLY_ACTIVE_ARCH = YES;
				SDKROOT = iphoneos;
				SWIFT_ACTIVE_COMPILATION_CONDITIONS = DEBUG;
				SWIFT_INCLUDE_PATHS = "${SRCROOT}/Criptophy/CCommonCrypto";
				SWIFT_OPTIMIZATION_LEVEL = "-Onone";
				VERSIONING_SYSTEM = "apple-generic";
				VERSION_INFO_PREFIX = "";
			};
			name = Debug;
		};
		F9F91A80220C92C1002754D9 /* Release */ = {
			isa = XCBuildConfiguration;
			buildSettings = {
				ALWAYS_SEARCH_USER_PATHS = NO;
				CLANG_ANALYZER_NONNULL = YES;
				CLANG_ANALYZER_NUMBER_OBJECT_CONVERSION = YES_AGGRESSIVE;
				CLANG_CXX_LANGUAGE_STANDARD = "gnu++14";
				CLANG_CXX_LIBRARY = "libc++";
				CLANG_ENABLE_MODULES = YES;
				CLANG_ENABLE_OBJC_ARC = YES;
				CLANG_ENABLE_OBJC_WEAK = YES;
				CLANG_WARN_BLOCK_CAPTURE_AUTORELEASING = YES;
				CLANG_WARN_BOOL_CONVERSION = YES;
				CLANG_WARN_COMMA = YES;
				CLANG_WARN_CONSTANT_CONVERSION = YES;
				CLANG_WARN_DEPRECATED_OBJC_IMPLEMENTATIONS = YES;
				CLANG_WARN_DIRECT_OBJC_ISA_USAGE = YES_ERROR;
				CLANG_WARN_DOCUMENTATION_COMMENTS = YES;
				CLANG_WARN_EMPTY_BODY = YES;
				CLANG_WARN_ENUM_CONVERSION = YES;
				CLANG_WARN_INFINITE_RECURSION = YES;
				CLANG_WARN_INT_CONVERSION = YES;
				CLANG_WARN_NON_LITERAL_NULL_CONVERSION = YES;
				CLANG_WARN_OBJC_IMPLICIT_RETAIN_SELF = YES;
				CLANG_WARN_OBJC_LITERAL_CONVERSION = YES;
				CLANG_WARN_OBJC_ROOT_CLASS = YES_ERROR;
				CLANG_WARN_RANGE_LOOP_ANALYSIS = YES;
				CLANG_WARN_STRICT_PROTOTYPES = YES;
				CLANG_WARN_SUSPICIOUS_MOVE = YES;
				CLANG_WARN_UNGUARDED_AVAILABILITY = YES_AGGRESSIVE;
				CLANG_WARN_UNREACHABLE_CODE = YES;
				CLANG_WARN__DUPLICATE_METHOD_MATCH = YES;
				CODE_SIGN_IDENTITY = "iPhone Developer";
				COPY_PHASE_STRIP = NO;
				CURRENT_PROJECT_VERSION = 1;
				DEBUG_INFORMATION_FORMAT = "dwarf-with-dsym";
				ENABLE_NS_ASSERTIONS = NO;
				ENABLE_STRICT_OBJC_MSGSEND = YES;
				GCC_C_LANGUAGE_STANDARD = gnu11;
				GCC_NO_COMMON_BLOCKS = YES;
				GCC_WARN_64_TO_32_BIT_CONVERSION = YES;
				GCC_WARN_ABOUT_RETURN_TYPE = YES_ERROR;
				GCC_WARN_UNDECLARED_SELECTOR = YES;
				GCC_WARN_UNINITIALIZED_AUTOS = YES_AGGRESSIVE;
				GCC_WARN_UNUSED_FUNCTION = YES;
				GCC_WARN_UNUSED_VARIABLE = YES;
				IPHONEOS_DEPLOYMENT_TARGET = 12.1;
				MTL_ENABLE_DEBUG_INFO = NO;
				MTL_FAST_MATH = YES;
				SDKROOT = iphoneos;
				SWIFT_COMPILATION_MODE = wholemodule;
				SWIFT_INCLUDE_PATHS = "${SRCROOT}/Criptophy/CCommonCrypto";
				SWIFT_OPTIMIZATION_LEVEL = "-O";
				VALIDATE_PRODUCT = YES;
				VERSIONING_SYSTEM = "apple-generic";
				VERSION_INFO_PREFIX = "";
			};
			name = Release;
		};
		F9F91A82220C92C1002754D9 /* Debug */ = {
			isa = XCBuildConfiguration;
			buildSettings = {
				CLANG_ENABLE_MODULES = YES;
				CODE_SIGN_IDENTITY = "";
				CODE_SIGN_STYLE = Automatic;
				DEFINES_MODULE = YES;
				DYLIB_COMPATIBILITY_VERSION = 1;
				DYLIB_CURRENT_VERSION = 1;
				DYLIB_INSTALL_NAME_BASE = "@rpath";
				INFOPLIST_FILE = Criptophy/Info.plist;
				INSTALL_PATH = "$(LOCAL_LIBRARY_DIR)/Frameworks";
				LD_RUNPATH_SEARCH_PATHS = (
					"$(inherited)",
					"@executable_path/Frameworks",
					"@loader_path/Frameworks",
				);
				PRODUCT_BUNDLE_IDENTIFIER = org.omargomez.Criptophy;
				PRODUCT_NAME = "$(TARGET_NAME:c99extidentifier)";
				SKIP_INSTALL = YES;
				SWIFT_OPTIMIZATION_LEVEL = "-Onone";
				SWIFT_VERSION = 4.2;
				TARGETED_DEVICE_FAMILY = "1,2";
			};
			name = Debug;
		};
		F9F91A83220C92C1002754D9 /* Release */ = {
			isa = XCBuildConfiguration;
			buildSettings = {
				CLANG_ENABLE_MODULES = YES;
				CODE_SIGN_IDENTITY = "";
				CODE_SIGN_STYLE = Automatic;
				DEFINES_MODULE = YES;
				DYLIB_COMPATIBILITY_VERSION = 1;
				DYLIB_CURRENT_VERSION = 1;
				DYLIB_INSTALL_NAME_BASE = "@rpath";
				INFOPLIST_FILE = Criptophy/Info.plist;
				INSTALL_PATH = "$(LOCAL_LIBRARY_DIR)/Frameworks";
				LD_RUNPATH_SEARCH_PATHS = (
					"$(inherited)",
					"@executable_path/Frameworks",
					"@loader_path/Frameworks",
				);
				PRODUCT_BUNDLE_IDENTIFIER = org.omargomez.Criptophy;
				PRODUCT_NAME = "$(TARGET_NAME:c99extidentifier)";
				SKIP_INSTALL = YES;
				SWIFT_VERSION = 4.2;
				TARGETED_DEVICE_FAMILY = "1,2";
			};
			name = Release;
		};
/* End XCBuildConfiguration section */

/* Begin XCConfigurationList section */
		F9F58DA822451BA1003027C1 /* Build configuration list for PBXNativeTarget "CriptophyTests" */ = {
			isa = XCConfigurationList;
			buildConfigurations = (
				F9F58DA622451BA1003027C1 /* Debug */,
				F9F58DA722451BA1003027C1 /* Release */,
			);
			defaultConfigurationIsVisible = 0;
			defaultConfigurationName = Release;
		};
		F9F91A73220C92C1002754D9 /* Build configuration list for PBXProject "Criptophy" */ = {
			isa = XCConfigurationList;
			buildConfigurations = (
				F9F91A7F220C92C1002754D9 /* Debug */,
				F9F91A80220C92C1002754D9 /* Release */,
			);
			defaultConfigurationIsVisible = 0;
			defaultConfigurationName = Release;
		};
		F9F91A81220C92C1002754D9 /* Build configuration list for PBXNativeTarget "Criptophy" */ = {
			isa = XCConfigurationList;
			buildConfigurations = (
				F9F91A82220C92C1002754D9 /* Debug */,
				F9F91A83220C92C1002754D9 /* Release */,
			);
			defaultConfigurationIsVisible = 0;
			defaultConfigurationName = Release;
		};
/* End XCConfigurationList section */
	};
	rootObject = F9F91A70220C92C1002754D9 /* Project object */;
}
